
Microsoft Visual Studio Solution File, Format Version 12.00
# Visual Studio Version 17
VisualStudioVersion = 17.2.32616.157
MinimumVisualStudioVersion = 10.0.40219.1
Project("{FAE04EC0-301F-11D3-BF4B-00C04F79EFBC}") = "AppLogin.Android", "AppLogin\AppLogin.Android\AppLogin.Android.csproj", "{BCD4BD86-1105-40E3-8EF2-F05D84D8B5D7}"
EndProject
Project("{FAE04EC0-301F-11D3-BF4B-00C04F79EFBC}") = "AppLogin", "AppLogin\AppLogin\AppLogin.csproj", "{0B58EDD4-7BAA-48E8-8E67-86FBC0E42EC1}"
EndProject
Global
	GlobalSection(SolutionConfigurationPlatforms) = preSolution
		Debug|Any CPU = Debug|Any CPU
		Release|Any CPU = Release|Any CPU
	EndGlobalSection
	GlobalSection(ProjectConfigurationPlatforms) = postSolution
		{BCD4BD86-1105-40E3-8EF2-F05D84D8B5D7}.Debug|Any CPU.ActiveCfg = Debug|Any CPU
		{BCD4BD86-1105-40E3-8EF2-F05D84D8B5D7}.Debug|Any CPU.Build.0 = Debug|Any CPU
		{BCD4BD86-1105-40E3-8EF2-F05D84D8B5D7}.Debug|Any CPU.Deploy.0 = Debug|Any CPU
		{BCD4BD86-1105-40E3-8EF2-F05D84D8B5D7}.Release|Any CPU.ActiveCfg = Release|Any CPU
		{BCD4BD86-1105-40E3-8EF2-F05D84D8B5D7}.Release|Any CPU.Build.0 = Release|Any CPU
		{BCD4BD86-1105-40E3-8EF2-F05D84D8B5D7}.Release|Any CPU.Deploy.0 = Release|Any CPU
		{0B58EDD4-7BAA-48E8-8E67-86FBC0E42EC1}.Debug|Any CPU.ActiveCfg = Debug|Any CPU
		{0B58EDD4-7BAA-48E8-8E67-86FBC0E42EC1}.Debug|Any CPU.Build.0 = Debug|Any CPU
		{0B58EDD4-7BAA-48E8-8E67-86FBC0E42EC1}.Debug|Any CPU.Deploy.0 = Debug|Any CPU
		{0B58EDD4-7BAA-48E8-8E67-86FBC0E42EC1}.Release|Any CPU.ActiveCfg = Release|Any CPU
		{0B58EDD4-7BAA-48E8-8E67-86FBC0E42EC1}.Release|Any CPU.Build.0 = Release|Any CPU
		{0B58EDD4-7BAA-48E8-8E67-86FBC0E42EC1}.Release|Any CPU.Deploy.0 = Release|Any CPU
	EndGlobalSection
	GlobalSection(SolutionProperties) = preSolution
		HideSolutionNode = FALSE
	EndGlobalSection
	GlobalSection(ExtensibilityGlobals) = postSolution
		SolutionGuid = {0373F33F-A31F-4522-BD4F-8308D59D6C19}
	EndGlobalSection
EndGlobal
